
Microsoft Visual Studio Solution File, Format Version 12.00
# Visual Studio Version 16
VisualStudioVersion = 16.0.32228.343
MinimumVisualStudioVersion = 10.0.40219.1
Project("{888888A0-9F3D-457C-B088-3A5042F75D52}") = "DiceBot", "DiceBot\DiceBot.pyproj", "{D1741FC1-7F4F-439B-8122-DA3C0A4F7C91}"
EndProject
Global
	GlobalSection(SolutionConfigurationPlatforms) = preSolution
		Debug|Any CPU = Debug|Any CPU
		Release|Any CPU = Release|Any CPU
	EndGlobalSection
	GlobalSection(ProjectConfigurationPlatforms) = postSolution
		{D1741FC1-7F4F-439B-8122-DA3C0A4F7C91}.Debug|Any CPU.ActiveCfg = Debug|Any CPU
		{D1741FC1-7F4F-439B-8122-DA3C0A4F7C91}.Release|Any CPU.ActiveCfg = Release|Any CPU
	EndGlobalSection
	GlobalSection(SolutionProperties) = preSolution
		HideSolutionNode = FALSE
	EndGlobalSection
	GlobalSection(ExtensibilityGlobals) = postSolution
		SolutionGuid = {44ACEF49-BE95-4028-B7FD-7880B8CA686E}
	EndGlobalSection
EndGlobal
